
Microsoft Visual Studio Solution File, Format Version 12.00
# Visual Studio Version 16
VisualStudioVersion = 16.0.29709.97
MinimumVisualStudioVersion = 10.0.40219.1
Project("{FAE04EC0-301F-11D3-BF4B-00C04F79EFBC}") = "FiveTribes", "FiveTribes.csproj", "{D84AB28E-1F0D-484A-B580-CA1D08D0AAC1}"
EndProject
Global
	GlobalSection(SolutionConfigurationPlatforms) = preSolution
		Debug|Any CPU = Debug|Any CPU
		Release|Any CPU = Release|Any CPU
	EndGlobalSection
	GlobalSection(ProjectConfigurationPlatforms) = postSolution
		{D84AB28E-1F0D-484A-B580-CA1D08D0AAC1}.Debug|Any CPU.ActiveCfg = Debug|Any CPU
		{D84AB28E-1F0D-484A-B580-CA1D08D0AAC1}.Debug|Any CPU.Build.0 = Debug|Any CPU
		{D84AB28E-1F0D-484A-B580-CA1D08D0AAC1}.Release|Any CPU.ActiveCfg = Release|Any CPU
		{D84AB28E-1F0D-484A-B580-CA1D08D0AAC1}.Release|Any CPU.Build.0 = Release|Any CPU
	EndGlobalSection
	GlobalSection(SolutionProperties) = preSolution
		HideSolutionNode = FALSE
	EndGlobalSection
	GlobalSection(ExtensibilityGlobals) = postSolution
		SolutionGuid = {EF265FDA-EAD0-47CC-B1C0-CE4DF745D70E}
	EndGlobalSection
EndGlobal
